
Microsoft Visual Studio Solution File, Format Version 12.00
# Visual Studio Version 16
VisualStudioVersion = 16.0.31105.61
MinimumVisualStudioVersion = 10.0.40219.1
Project("{FAE04EC0-301F-11D3-BF4B-00C04F79EFBC}") = "RockPaperScissors", "RockPaperScissors\RockPaperScissors.csproj", "{70ABA88C-4730-4D9B-96FF-F0721853B43B}"
EndProject
Global
	GlobalSection(SolutionConfigurationPlatforms) = preSolution
		Debug|Any CPU = Debug|Any CPU
		Release|Any CPU = Release|Any CPU
	EndGlobalSection
	GlobalSection(ProjectConfigurationPlatforms) = postSolution
		{70ABA88C-4730-4D9B-96FF-F0721853B43B}.Debug|Any CPU.ActiveCfg = Debug|Any CPU
		{70ABA88C-4730-4D9B-96FF-F0721853B43B}.Debug|Any CPU.Build.0 = Debug|Any CPU
		{70ABA88C-4730-4D9B-96FF-F0721853B43B}.Release|Any CPU.ActiveCfg = Release|Any CPU
		{70ABA88C-4730-4D9B-96FF-F0721853B43B}.Release|Any CPU.Build.0 = Release|Any CPU
	EndGlobalSection
	GlobalSection(SolutionProperties) = preSolution
		HideSolutionNode = FALSE
	EndGlobalSection
	GlobalSection(ExtensibilityGlobals) = postSolution
		SolutionGuid = {158C4D19-6556-4AE4-8E63-A677FC65EC25}
	EndGlobalSection
EndGlobal
